// !$*UTF8*$!
{
	archiveVersion = 1;
	classes = {
	};
	objectVersion = 50;
	objects = {

/* Begin PBXBuildFile section */
		3CC8B64821A3FCE60064B3E9 /* AppDelegate.m in Sources */ = {isa = PBXBuildFile; fileRef = 3CC8B64721A3FCE60064B3E9 /* AppDelegate.m */; };
		3CC8B64B21A3FCE60064B3E9 /* ViewController.m in Sources */ = {isa = PBXBuildFile; fileRef = 3CC8B64A21A3FCE60064B3E9 /* ViewController.m */; };
		3CC8B64E21A3FCE60064B3E9 /* Main.storyboard in Resources */ = {isa = PBXBuildFile; fileRef = 3CC8B64C21A3FCE60064B3E9 /* Main.storyboard */; };
		3CC8B65021A3FCE80064B3E9 /* Assets.xcassets in Resources */ = {isa = PBXBuildFile; fileRef = 3CC8B64F21A3FCE80064B3E9 /* Assets.xcassets */; };
		3CC8B65321A3FCE80064B3E9 /* LaunchScreen.storyboard in Resources */ = {isa = PBXBuildFile; fileRef = 3CC8B65121A3FCE80064B3E9 /* LaunchScreen.storyboard */; };
		3CC8B65621A3FCE80064B3E9 /* main.m in Sources */ = {isa = PBXBuildFile; fileRef = 3CC8B65521A3FCE80064B3E9 /* main.m */; };
		3CC8B66021A3FCE80064B3E9 /* WaterfallFlowTests.m in Sources */ = {isa = PBXBuildFile; fileRef = 3CC8B65F21A3FCE80064B3E9 /* WaterfallFlowTests.m */; };
		3CC8B66B21A3FCE80064B3E9 /* WaterfallFlowUITests.m in Sources */ = {isa = PBXBuildFile; fileRef = 3CC8B66A21A3FCE80064B3E9 /* WaterfallFlowUITests.m */; };
		3CC8B67B21A3FE5B0064B3E9 /* WSLWaterFlowLayout.m in Sources */ = {isa = PBXBuildFile; fileRef = 3CC8B67A21A3FE5B0064B3E9 /* WSLWaterFlowLayout.m */; };
		3CC8B67F21A402F70064B3E9 /* XYCollectionViewCell.m in Sources */ = {isa = PBXBuildFile; fileRef = 3CC8B67E21A402F70064B3E9 /* XYCollectionViewCell.m */; };
		4B750D82989A815506C09661 /* libPods-WaterfallFlowTests.a in Frameworks */ = {isa = PBXBuildFile; fileRef = 19D96AC8E25836A57FD7E62F /* libPods-WaterfallFlowTests.a */; };
		BEB49604D0D8F8A3A8C3E409 /* libPods-WaterfallFlowUITests.a in Frameworks */ = {isa = PBXBuildFile; fileRef = 128490EA01D50BE8BD112606 /* libPods-WaterfallFlowUITests.a */; };
		F40E1917EFD5E91677A06B14 /* libPods-WaterfallFlow.a in Frameworks */ = {isa = PBXBuildFile; fileRef = E7B5FE49E4F61BFD33E9EE25 /* libPods-WaterfallFlow.a */; };
/* End PBXBuildFile section */

/* Begin PBXContainerItemProxy section */
		3CC8B65C21A3FCE80064B3E9 /* PBXContainerItemProxy */ = {
			isa = PBXContainerItemProxy;
			containerPortal = 3CC8B63B21A3FCE60064B3E9 /* Project object */;
			proxyType = 1;
			remoteGlobalIDString = 3CC8B64221A3FCE60064B3E9;
			remoteInfo = WaterfallFlow;
		};
		3CC8B66721A3FCE80064B3E9 /* PBXContainerItemProxy */ = {
			isa = PBXContainerItemProxy;
			containerPortal = 3CC8B63B21A3FCE60064B3E9 /* Project object */;
			proxyType = 1;
			remoteGlobalIDString = 3CC8B64221A3FCE60064B3E9;
			remoteInfo = WaterfallFlow;
		};
/* End PBXContainerItemProxy section */

/* Begin PBXFileReference section */
		128490EA01D50BE8BD112606 /* libPods-WaterfallFlowUITests.a */ = {isa = PBXFileReference; explicitFileType = archive.ar; includeInIndex = 0; path = "libPods-WaterfallFlowUITests.a"; sourceTree = BUILT_PRODUCTS_DIR; };
		19D96AC8E25836A57FD7E62F /* libPods-WaterfallFlowTests.a */ = {isa = PBXFileReference; explicitFileType = archive.ar; includeInIndex = 0; path = "libPods-WaterfallFlowTests.a"; sourceTree = BUILT_PRODUCTS_DIR; };
		2F9FA8BAC863B9B889C57A21 /* Pods-WaterfallFlowTests.release.xcconfig */ = {isa = PBXFileReference; includeInIndex = 1; lastKnownFileType = text.xcconfig; name = "Pods-WaterfallFlowTests.release.xcconfig"; path = "Pods/Target Support Files/Pods-WaterfallFlowTests/Pods-WaterfallFlowTests.release.xcconfig"; sourceTree = "<group>"; };
		3CC8B64321A3FCE60064B3E9 /* WaterfallFlow.app */ = {isa = PBXFileReference; explicitFileType = wrapper.application; includeInIndex = 0; path = WaterfallFlow.app; sourceTree = BUILT_PRODUCTS_DIR; };
		3CC8B64621A3FCE60064B3E9 /* AppDelegate.h */ = {isa = PBXFileReference; lastKnownFileType = sourcecode.c.h; path = AppDelegate.h; sourceTree = "<group>"; };
		3CC8B64721A3FCE60064B3E9 /* AppDelegate.m */ = {isa = PBXFileReference; lastKnownFileType = sourcecode.c.objc; path = AppDelegate.m; sourceTree = "<group>"; };
		3CC8B64921A3FCE60064B3E9 /* ViewController.h */ = {isa = PBXFileReference; lastKnownFileType = sourcecode.c.h; path = ViewController.h; sourceTree = "<group>"; };
		3CC8B64A21A3FCE60064B3E9 /* ViewController.m */ = {isa = PBXFileReference; lastKnownFileType = sourcecode.c.objc; path = ViewController.m; sourceTree = "<group>"; };
		3CC8B64D21A3FCE60064B3E9 /* Base */ = {isa = PBXFileReference; lastKnownFileType = file.storyboard; name = Base; path = Base.lproj/Main.storyboard; sourceTree = "<group>"; };
		3CC8B64F21A3FCE80064B3E9 /* Assets.xcassets */ = {isa = PBXFileReference; lastKnownFileType = folder.assetcatalog; path = Assets.xcassets; sourceTree = "<group>"; };
		3CC8B65221A3FCE80064B3E9 /* Base */ = {isa = PBXFileReference; lastKnownFileType = file.storyboard; name = Base; path = Base.lproj/LaunchScreen.storyboard; sourceTree = "<group>"; };
		3CC8B65421A3FCE80064B3E9 /* Info.plist */ = {isa = PBXFileReference; lastKnownFileType = text.plist.xml; path = Info.plist; sourceTree = "<group>"; };
		3CC8B65521A3FCE80064B3E9 /* main.m */ = {isa = PBXFileReference; lastKnownFileType = sourcecode.c.objc; path = main.m; sourceTree = "<group>"; };
		3CC8B65B21A3FCE80064B3E9 /* WaterfallFlowTests.xctest */ = {isa = PBXFileReference; explicitFileType = wrapper.cfbundle; includeInIndex = 0; path = WaterfallFlowTests.xctest; sourceTree = BUILT_PRODUCTS_DIR; };
		3CC8B65F21A3FCE80064B3E9 /* WaterfallFlowTests.m */ = {isa = PBXFileReference; lastKnownFileType = sourcecode.c.objc; path = WaterfallFlowTests.m; sourceTree = "<group>"; };
		3CC8B66121A3FCE80064B3E9 /* Info.plist */ = {isa = PBXFileReference; lastKnownFileType = text.plist.xml; path = Info.plist; sourceTree = "<group>"; };
		3CC8B66621A3FCE80064B3E9 /* WaterfallFlowUITests.xctest */ = {isa = PBXFileReference; explicitFileType = wrapper.cfbundle; includeInIndex = 0; path = WaterfallFlowUITests.xctest; sourceTree = BUILT_PRODUCTS_DIR; };
		3CC8B66A21A3FCE80064B3E9 /* WaterfallFlowUITests.m */ = {isa = PBXFileReference; lastKnownFileType = sourcecode.c.objc; path = WaterfallFlowUITests.m; sourceTree = "<group>"; };
		3CC8B66C21A3FCE80064B3E9 /* Info.plist */ = {isa = PBXFileReference; lastKnownFileType = text.plist.xml; path = Info.plist; sourceTree = "<group>"; };
		3CC8B67921A3FE5B0064B3E9 /* WSLWaterFlowLayout.h */ = {isa = PBXFileReference; fileEncoding = 4; lastKnownFileType = sourcecode.c.h; path = WSLWaterFlowLayout.h; sourceTree = "<group>"; };
		3CC8B67A21A3FE5B0064B3E9 /* WSLWaterFlowLayout.m */ = {isa = PBXFileReference; fileEncoding = 4; lastKnownFileType = sourcecode.c.objc; path = WSLWaterFlowLayout.m; sourceTree = "<group>"; };
		3CC8B67D21A402F70064B3E9 /* XYCollectionViewCell.h */ = {isa = PBXFileReference; lastKnownFileType = sourcecode.c.h; path = XYCollectionViewCell.h; sourceTree = "<group>"; };
		3CC8B67E21A402F70064B3E9 /* XYCollectionViewCell.m */ = {isa = PBXFileReference; lastKnownFileType = sourcecode.c.objc; path = XYCollectionViewCell.m; sourceTree = "<group>"; };
		47951C0AB2585C3453966C04 /* Pods-WaterfallFlow.release.xcconfig */ = {isa = PBXFileReference; includeInIndex = 1; lastKnownFileType = text.xcconfig; name = "Pods-WaterfallFlow.release.xcconfig"; path = "Pods/Target Support Files/Pods-WaterfallFlow/Pods-WaterfallFlow.release.xcconfig"; sourceTree = "<group>"; };
		68407BEDA9336BE87227C173 /* Pods-WaterfallFlowUITests.debug.xcconfig */ = {isa = PBXFileReference; includeInIndex = 1; lastKnownFileType = text.xcconfig; name = "Pods-WaterfallFlowUITests.debug.xcconfig"; path = "Pods/Target Support Files/Pods-WaterfallFlowUITests/Pods-WaterfallFlowUITests.debug.xcconfig"; sourceTree = "<group>"; };
		9134AC7496BBCCB004241073 /* Pods-WaterfallFlowTests.debug.xcconfig */ = {isa = PBXFileReference; includeInIndex = 1; lastKnownFileType = text.xcconfig; name = "Pods-WaterfallFlowTests.debug.xcconfig"; path = "Pods/Target Support Files/Pods-WaterfallFlowTests/Pods-WaterfallFlowTests.debug.xcconfig"; sourceTree = "<group>"; };
		DB6A33BA45E41B08F7A757FF /* Pods-WaterfallFlowUITests.release.xcconfig */ = {isa = PBXFileReference; includeInIndex = 1; lastKnownFileType = text.xcconfig; name = "Pods-WaterfallFlowUITests.release.xcconfig"; path = "Pods/Target Support Files/Pods-WaterfallFlowUITests/Pods-WaterfallFlowUITests.release.xcconfig"; sourceTree = "<group>"; };
		E7B5FE49E4F61BFD33E9EE25 /* libPods-WaterfallFlow.a */ = {isa = PBXFileReference; explicitFileType = archive.ar; includeInIndex = 0; path = "libPods-WaterfallFlow.a"; sourceTree = BUILT_PRODUCTS_DIR; };
		F1437026BA2F1985D923212F /* Pods-WaterfallFlow.debug.xcconfig */ = {isa = PBXFileReference; includeInIndex = 1; lastKnownFileType = text.xcconfig; name = "Pods-WaterfallFlow.debug.xcconfig"; path = "Pods/Target Support Files/Pods-WaterfallFlow/Pods-WaterfallFlow.debug.xcconfig"; sourceTree = "<group>"; };
/* End PBXFileReference section */

/* Begin PBXFrameworksBuildPhase section */
		3CC8B64021A3FCE60064B3E9 /* Frameworks */ = {
			isa = PBXFrameworksBuildPhase;
			buildActionMask = 2147483647;
			files = (
				F40E1917EFD5E91677A06B14 /* libPods-WaterfallFlow.a in Frameworks */,
			);
			runOnlyForDeploymentPostprocessing = 0;
		};
		3CC8B65821A3FCE80064B3E9 /* Frameworks */ = {
			isa = PBXFrameworksBuildPhase;
			buildActionMask = 2147483647;
			files = (
				4B750D82989A815506C09661 /* libPods-WaterfallFlowTests.a in Frameworks */,
			);
			runOnlyForDeploymentPostprocessing = 0;
		};
		3CC8B66321A3FCE80064B3E9 /* Frameworks */ = {
			isa = PBXFrameworksBuildPhase;
			buildActionMask = 2147483647;
			files = (
				BEB49604D0D8F8A3A8C3E409 /* libPods-WaterfallFlowUITests.a in Frameworks */,
			);
			runOnlyForDeploymentPostprocessing = 0;
		};
/* End PBXFrameworksBuildPhase section */

/* Begin PBXGroup section */
		3CC8B63A21A3FCE60064B3E9 = {
			isa = PBXGroup;
			children = (
				3CC8B64521A3FCE60064B3E9 /* WaterfallFlow */,
				3CC8B65E21A3FCE80064B3E9 /* WaterfallFlowTests */,
				3CC8B66921A3FCE80064B3E9 /* WaterfallFlowUITests */,
				3CC8B64421A3FCE60064B3E9 /* Products */,
				E647559A31CA2BBDEEF87E5B /* Pods */,
				5AF3AE16A1ABC407970A2292 /* Frameworks */,
			);
			sourceTree = "<group>";
		};
		3CC8B64421A3FCE60064B3E9 /* Products */ = {
			isa = PBXGroup;
			children = (
				3CC8B64321A3FCE60064B3E9 /* WaterfallFlow.app */,
				3CC8B65B21A3FCE80064B3E9 /* WaterfallFlowTests.xctest */,
				3CC8B66621A3FCE80064B3E9 /* WaterfallFlowUITests.xctest */,
			);
			name = Products;
			sourceTree = "<group>";
		};
		3CC8B64521A3FCE60064B3E9 /* WaterfallFlow */ = {
			isa = PBXGroup;
			children = (
				3CC8B67C21A402BC0064B3E9 /* XYCollectionViewCell */,
				3CC8B67821A3FE350064B3E9 /* WSLWaterFlowLayout */,
				3CC8B64621A3FCE60064B3E9 /* AppDelegate.h */,
				3CC8B64721A3FCE60064B3E9 /* AppDelegate.m */,
				3CC8B64921A3FCE60064B3E9 /* ViewController.h */,
				3CC8B64A21A3FCE60064B3E9 /* ViewController.m */,
				3CC8B64C21A3FCE60064B3E9 /* Main.storyboard */,
				3CC8B64F21A3FCE80064B3E9 /* Assets.xcassets */,
				3CC8B65121A3FCE80064B3E9 /* LaunchScreen.storyboard */,
				3CC8B65421A3FCE80064B3E9 /* Info.plist */,
				3CC8B65521A3FCE80064B3E9 /* main.m */,
			);
			path = WaterfallFlow;
			sourceTree = "<group>";
		};
		3CC8B65E21A3FCE80064B3E9 /* WaterfallFlowTests */ = {
			isa = PBXGroup;
			children = (
				3CC8B65F21A3FCE80064B3E9 /* WaterfallFlowTests.m */,
				3CC8B66121A3FCE80064B3E9 /* Info.plist */,
			);
			path = WaterfallFlowTests;
			sourceTree = "<group>";
		};
		3CC8B66921A3FCE80064B3E9 /* WaterfallFlowUITests */ = {
			isa = PBXGroup;
			children = (
				3CC8B66A21A3FCE80064B3E9 /* WaterfallFlowUITests.m */,
				3CC8B66C21A3FCE80064B3E9 /* Info.plist */,
			);
			path = WaterfallFlowUITests;
			sourceTree = "<group>";
		};
		3CC8B67821A3FE350064B3E9 /* WSLWaterFlowLayout */ = {
			isa = PBXGroup;
			children = (
				3CC8B67921A3FE5B0064B3E9 /* WSLWaterFlowLayout.h */,
				3CC8B67A21A3FE5B0064B3E9 /* WSLWaterFlowLayout.m */,
			);
			path = WSLWaterFlowLayout;
			sourceTree = "<group>";
		};
		3CC8B67C21A402BC0064B3E9 /* XYCollectionViewCell */ = {
			isa = PBXGroup;
			children = (
				3CC8B67D21A402F70064B3E9 /* XYCollectionViewCell.h */,
				3CC8B67E21A402F70064B3E9 /* XYCollectionViewCell.m */,
			);
			path = XYCollectionViewCell;
			sourceTree = "<group>";
		};
		5AF3AE16A1ABC407970A2292 /* Frameworks */ = {
			isa = PBXGroup;
			children = (
				E7B5FE49E4F61BFD33E9EE25 /* libPods-WaterfallFlow.a */,
				19D96AC8E25836A57FD7E62F /* libPods-WaterfallFlowTests.a */,
				128490EA01D50BE8BD112606 /* libPods-WaterfallFlowUITests.a */,
			);
			name = Frameworks;
			sourceTree = "<group>";
		};
		E647559A31CA2BBDEEF87E5B /* Pods */ = {
			isa = PBXGroup;
			children = (
				F1437026BA2F1985D923212F /* Pods-WaterfallFlow.debug.xcconfig */,
				47951C0AB2585C3453966C04 /* Pods-WaterfallFlow.release.xcconfig */,
				9134AC7496BBCCB004241073 /* Pods-WaterfallFlowTests.debug.xcconfig */,
				2F9FA8BAC863B9B889C57A21 /* Pods-WaterfallFlowTests.release.xcconfig */,
				68407BEDA9336BE87227C173 /* Pods-WaterfallFlowUITests.debug.xcconfig */,
				DB6A33BA45E41B08F7A757FF /* Pods-WaterfallFlowUITests.release.xcconfig */,
			);
			name = Pods;
			sourceTree = "<group>";
		};
/* End PBXGroup section */

/* Begin PBXNativeTarget section */
		3CC8B64221A3FCE60064B3E9 /* WaterfallFlow */ = {
			isa = PBXNativeTarget;
			buildConfigurationList = 3CC8B66F21A3FCE80064B3E9 /* Build configuration list for PBXNativeTarget "WaterfallFlow" */;
			buildPhases = (
				0632D8E3909E794CA2AAEC4E /* [CP] Check Pods Manifest.lock */,
				3CC8B63F21A3FCE60064B3E9 /* Sources */,
				3CC8B64021A3FCE60064B3E9 /* Frameworks */,
				3CC8B64121A3FCE60064B3E9 /* Resources */,
			);
			buildRules = (
			);
			dependencies = (
			);
			name = WaterfallFlow;
			productName = WaterfallFlow;
			productReference = 3CC8B64321A3FCE60064B3E9 /* WaterfallFlow.app */;
			productType = "com.apple.product-type.application";
		};
		3CC8B65A21A3FCE80064B3E9 /* WaterfallFlowTests */ = {
			isa = PBXNativeTarget;
			buildConfigurationList = 3CC8B67221A3FCE80064B3E9 /* Build configuration list for PBXNativeTarget "WaterfallFlowTests" */;
			buildPhases = (
				4B531C59866B7F3F505BBA5E /* [CP] Check Pods Manifest.lock */,
				3CC8B65721A3FCE80064B3E9 /* Sources */,
				3CC8B65821A3FCE80064B3E9 /* Frameworks */,
				3CC8B65921A3FCE80064B3E9 /* Resources */,
			);
			buildRules = (
			);
			dependencies = (
				3CC8B65D21A3FCE80064B3E9 /* PBXTargetDependency */,
			);
			name = WaterfallFlowTests;
			productName = WaterfallFlowTests;
			productReference = 3CC8B65B21A3FCE80064B3E9 /* WaterfallFlowTests.xctest */;
			productType = "com.apple.product-type.bundle.unit-test";
		};
		3CC8B66521A3FCE80064B3E9 /* WaterfallFlowUITests */ = {
			isa = PBXNativeTarget;
			buildConfigurationList = 3CC8B67521A3FCE80064B3E9 /* Build configuration list for PBXNativeTarget "WaterfallFlowUITests" */;
			buildPhases = (
				62A30D5F74481D42A523D6E5 /* [CP] Check Pods Manifest.lock */,
				3CC8B66221A3FCE80064B3E9 /* Sources */,
				3CC8B66321A3FCE80064B3E9 /* Frameworks */,
				3CC8B66421A3FCE80064B3E9 /* Resources */,
			);
			buildRules = (
			);
			dependencies = (
				3CC8B66821A3FCE80064B3E9 /* PBXTargetDependency */,
			);
			name = WaterfallFlowUITests;
			productName = WaterfallFlowUITests;
			productReference = 3CC8B66621A3FCE80064B3E9 /* WaterfallFlowUITests.xctest */;
			productType = "com.apple.product-type.bundle.ui-testing";
		};
/* End PBXNativeTarget section */

/* Begin PBXProject section */
		3CC8B63B21A3FCE60064B3E9 /* Project object */ = {
			isa = PBXProject;
			attributes = {
				LastUpgradeCheck = 1010;
				ORGANIZATIONNAME = "闫世超";
				TargetAttributes = {
					3CC8B64221A3FCE60064B3E9 = {
						CreatedOnToolsVersion = 10.1;
					};
					3CC8B65A21A3FCE80064B3E9 = {
						CreatedOnToolsVersion = 10.1;
						TestTargetID = 3CC8B64221A3FCE60064B3E9;
					};
					3CC8B66521A3FCE80064B3E9 = {
						CreatedOnToolsVersion = 10.1;
						TestTargetID = 3CC8B64221A3FCE60064B3E9;
					};
				};
			};
			buildConfigurationList = 3CC8B63E21A3FCE60064B3E9 /* Build configuration list for PBXProject "WaterfallFlow" */;
			compatibilityVersion = "Xcode 9.3";
			developmentRegion = en;
			hasScannedForEncodings = 0;
			knownRegions = (
				en,
				Base,
			);
			mainGroup = 3CC8B63A21A3FCE60064B3E9;
			productRefGroup = 3CC8B64421A3FCE60064B3E9 /* Products */;
			projectDirPath = "";
			projectRoot = "";
			targets = (
				3CC8B64221A3FCE60064B3E9 /* WaterfallFlow */,
				3CC8B65A21A3FCE80064B3E9 /* WaterfallFlowTests */,
				3CC8B66521A3FCE80064B3E9 /* WaterfallFlowUITests */,
			);
		};
/* End PBXProject section */

/* Begin PBXResourcesBuildPhase section */
		3CC8B64121A3FCE60064B3E9 /* Resources */ = {
			isa = PBXResourcesBuildPhase;
			buildActionMask = 2147483647;
			files = (
				3CC8B65321A3FCE80064B3E9 /* LaunchScreen.storyboard in Resources */,
				3CC8B65021A3FCE80064B3E9 /* Assets.xcassets in Resources */,
				3CC8B64E21A3FCE60064B3E9 /* Main.storyboard in Resources */,
			);
			runOnlyForDeploymentPostprocessing = 0;
		};
		3CC8B65921A3FCE80064B3E9 /* Resources */ = {
			isa = PBXResourcesBuildPhase;
			buildActionMask = 2147483647;
			files = (
			);
			runOnlyForDeploymentPostprocessing = 0;
		};
		3CC8B66421A3FCE80064B3E9 /* Resources */ = {
			isa = PBXResourcesBuildPhase;
			buildActionMask = 2147483647;
			files = (
			);
			runOnlyForDeploymentPostprocessing = 0;
		};
/* End PBXResourcesBuildPhase section */

/* Begin PBXShellScriptBuildPhase section */
		0632D8E3909E794CA2AAEC4E /* [CP] Check Pods Manifest.lock */ = {
			isa = PBXShellScriptBuildPhase;
			buildActionMask = 2147483647;
			files = (
			);
			inputFileListPaths = (
			);
			inputPaths = (
				"${PODS_PODFILE_DIR_PATH}/Podfile.lock",
				"${PODS_ROOT}/Manifest.lock",
			);
			name = "[CP] Check Pods Manifest.lock";
			outputFileListPaths = (
			);
			outputPaths = (
				"$(DERIVED_FILE_DIR)/Pods-WaterfallFlow-checkManifestLockResult.txt",
			);
			runOnlyForDeploymentPostprocessing = 0;
			shellPath = /bin/sh;
			shellScript = "diff \"${PODS_PODFILE_DIR_PATH}/Podfile.lock\" \"${PODS_ROOT}/Manifest.lock\" > /dev/null\nif [ $? != 0 ] ; then\n    # print error to STDERR\n    echo \"error: The sandbox is not in sync with the Podfile.lock. Run 'pod install' or update your CocoaPods installation.\" >&2\n    exit 1\nfi\n# This output is used by Xcode 'outputs' to avoid re-running this script phase.\necho \"SUCCESS\" > \"${SCRIPT_OUTPUT_FILE_0}\"\n";
			showEnvVarsInLog = 0;
		};
		4B531C59866B7F3F505BBA5E /* [CP] Check Pods Manifest.lock */ = {
			isa = PBXShellScriptBuildPhase;
			buildActionMask = 2147483647;
			files = (
			);
			inputFileListPaths = (
			);
			inputPaths = (
				"${PODS_PODFILE_DIR_PATH}/Podfile.lock",
				"${PODS_ROOT}/Manifest.lock",
			);
			name = "[CP] Check Pods Manifest.lock";
			outputFileListPaths = (
			);
			outputPaths = (
				"$(DERIVED_FILE_DIR)/Pods-WaterfallFlowTests-checkManifestLockResult.txt",
			);
			runOnlyForDeploymentPostprocessing = 0;
			shellPath = /bin/sh;
			shellScript = "diff \"${PODS_PODFILE_DIR_PATH}/Podfile.lock\" \"${PODS_ROOT}/Manifest.lock\" > /dev/null\nif [ $? != 0 ] ; then\n    # print error to STDERR\n    echo \"error: The sandbox is not in sync with the Podfile.lock. Run 'pod install' or update your CocoaPods installation.\" >&2\n    exit 1\nfi\n# This output is used by Xcode 'outputs' to avoid re-running this script phase.\necho \"SUCCESS\" > \"${SCRIPT_OUTPUT_FILE_0}\"\n";
			showEnvVarsInLog = 0;
		};
		62A30D5F74481D42A523D6E5 /* [CP] Check Pods Manifest.lock */ = {
			isa = PBXShellScriptBuildPhase;
			buildActionMask = 2147483647;
			files = (
			);
			inputFileListPaths = (
			);
			inputPaths = (
				"${PODS_PODFILE_DIR_PATH}/Podfile.lock",
				"${PODS_ROOT}/Manifest.lock",
			);
			name = "[CP] Check Pods Manifest.lock";
			outputFileListPaths = (
			);
			outputPaths = (
				"$(DERIVED_FILE_DIR)/Pods-WaterfallFlowUITests-checkManifestLockResult.txt",
			);
			runOnlyForDeploymentPostprocessing = 0;
			shellPath = /bin/sh;
			shellScript = "diff \"${PODS_PODFILE_DIR_PATH}/Podfile.lock\" \"${PODS_ROOT}/Manifest.lock\" > /dev/null\nif [ $? != 0 ] ; then\n    # print error to STDERR\n    echo \"error: The sandbox is not in sync with the Podfile.lock. Run 'pod install' or update your CocoaPods installation.\" >&2\n    exit 1\nfi\n# This output is used by Xcode 'outputs' to avoid re-running this script phase.\necho \"SUCCESS\" > \"${SCRIPT_OUTPUT_FILE_0}\"\n";
			showEnvVarsInLog = 0;
		};
/* End PBXShellScriptBuildPhase section */

/* Begin PBXSourcesBuildPhase section */
		3CC8B63F21A3FCE60064B3E9 /* Sources */ = {
			isa = PBXSourcesBuildPhase;
			buildActionMask = 2147483647;
			files = (
				3CC8B64B21A3FCE60064B3E9 /* ViewController.m in Sources */,
				3CC8B65621A3FCE80064B3E9 /* main.m in Sources */,
				3CC8B67B21A3FE5B0064B3E9 /* WSLWaterFlowLayout.m in Sources */,
				3CC8B67F21A402F70064B3E9 /* XYCollectionViewCell.m in Sources */,
				3CC8B64821A3FCE60064B3E9 /* AppDelegate.m in Sources */,
			);
			runOnlyForDeploymentPostprocessing = 0;
		};
		3CC8B65721A3FCE80064B3E9 /* Sources */ = {
			isa = PBXSourcesBuildPhase;
			buildActionMask = 2147483647;
			files = (
				3CC8B66021A3FCE80064B3E9 /* WaterfallFlowTests.m in Sources */,
			);
			runOnlyForDeploymentPostprocessing = 0;
		};
		3CC8B66221A3FCE80064B3E9 /* Sources */ = {
			isa = PBXSourcesBuildPhase;
			buildActionMask = 2147483647;
			files = (
				3CC8B66B21A3FCE80064B3E9 /* WaterfallFlowUITests.m in Sources */,
			);
			runOnlyForDeploymentPostprocessing = 0;
		};
/* End PBXSourcesBuildPhase section */

/* Begin PBXTargetDependency section */
		3CC8B65D21A3FCE80064B3E9 /* PBXTargetDependency */ = {
			isa = PBXTargetDependency;
			target = 3CC8B64221A3FCE60064B3E9 /* WaterfallFlow */;
			targetProxy = 3CC8B65C21A3FCE80064B3E9 /* PBXContainerItemProxy */;
		};
		3CC8B66821A3FCE80064B3E9 /* PBXTargetDependency */ = {
			isa = PBXTargetDependency;
			target = 3CC8B64221A3FCE60064B3E9 /* WaterfallFlow */;
			targetProxy = 3CC8B66721A3FCE80064B3E9 /* PBXContainerItemProxy */;
		};
/* End PBXTargetDependency section */

/* Begin PBXVariantGroup section */
		3CC8B64C21A3FCE60064B3E9 /* Main.storyboard */ = {
			isa = PBXVariantGroup;
			children = (
				3CC8B64D21A3FCE60064B3E9 /* Base */,
			);
			name = Main.storyboard;
			sourceTree = "<group>";
		};
		3CC8B65121A3FCE80064B3E9 /* LaunchScreen.storyboard */ = {
			isa = PBXVariantGroup;
			children = (
				3CC8B65221A3FCE80064B3E9 /* Base */,
			);
			name = LaunchScreen.storyboard;
			sourceTree = "<group>";
		};
/* End PBXVariantGroup section */

/* Begin XCBuildConfiguration section */
		3CC8B66D21A3FCE80064B3E9 /* Debug */ = {
			isa = XCBuildConfiguration;
			buildSettings = {
				ALWAYS_SEARCH_USER_PATHS = NO;
				CLANG_ANALYZER_NONNULL = YES;
				CLANG_ANALYZER_NUMBER_OBJECT_CONVERSION = YES_AGGRESSIVE;
				CLANG_CXX_LANGUAGE_STANDARD = "gnu++14";
				CLANG_CXX_LIBRARY = "libc++";
				CLANG_ENABLE_MODULES = YES;
				CLANG_ENABLE_OBJC_ARC = YES;
				CLANG_ENABLE_OBJC_WEAK = YES;
				CLANG_WARN_BLOCK_CAPTURE_AUTORELEASING = YES;
				CLANG_WARN_BOOL_CONVERSION = YES;
				CLANG_WARN_COMMA = YES;
				CLANG_WARN_CONSTANT_CONVERSION = YES;
				CLANG_WARN_DEPRECATED_OBJC_IMPLEMENTATIONS = YES;
				CLANG_WARN_DIRECT_OBJC_ISA_USAGE = YES_ERROR;
				CLANG_WARN_DOCUMENTATION_COMMENTS = YES;
				CLANG_WARN_EMPTY_BODY = YES;
				CLANG_WARN_ENUM_CONVERSION = YES;
				CLANG_WARN_INFINITE_RECURSION = YES;
				CLANG_WARN_INT_CONVERSION = YES;
				CLANG_WARN_NON_LITERAL_NULL_CONVERSION = YES;
				CLANG_WARN_OBJC_IMPLICIT_RETAIN_SELF = YES;
				CLANG_WARN_OBJC_LITERAL_CONVERSION = YES;
				CLANG_WARN_OBJC_ROOT_CLASS = YES_ERROR;
				CLANG_WARN_RANGE_LOOP_ANALYSIS = YES;
				CLANG_WARN_STRICT_PROTOTYPES = YES;
				CLANG_WARN_SUSPICIOUS_MOVE = YES;
				CLANG_WARN_UNGUARDED_AVAILABILITY = YES_AGGRESSIVE;
				CLANG_WARN_UNREACHABLE_CODE = YES;
				CLANG_WARN__DUPLICATE_METHOD_MATCH = YES;
				CODE_SIGN_IDENTITY = "iPhone Developer";
				COPY_PHASE_STRIP = NO;
				DEBUG_INFORMATION_FORMAT = dwarf;
				ENABLE_STRICT_OBJC_MSGSEND = YES;
				ENABLE_TESTABILITY = YES;
				GCC_C_LANGUAGE_STANDARD = gnu11;
				GCC_DYNAMIC_NO_PIC = NO;
				GCC_NO_COMMON_BLOCKS = YES;
				GCC_OPTIMIZATION_LEVEL = 0;
				GCC_PREPROCESSOR_DEFINITIONS = (
					"DEBUG=1",
					"$(inherited)",
				);
				GCC_WARN_64_TO_32_BIT_CONVERSION = YES;
				GCC_WARN_ABOUT_RETURN_TYPE = YES_ERROR;
				GCC_WARN_UNDECLARED_SELECTOR = YES;
				GCC_WARN_UNINITIALIZED_AUTOS = YES_AGGRESSIVE;
				GCC_WARN_UNUSED_FUNCTION = YES;
				GCC_WARN_UNUSED_VARIABLE = YES;
				IPHONEOS_DEPLOYMENT_TARGET = 12.1;
				MTL_ENABLE_DEBUG_INFO = INCLUDE_SOURCE;
				MTL_FAST_MATH = YES;
				ONLY_ACTIVE_ARCH = YES;
				SDKROOT = iphoneos;
			};
			name = Debug;
		};
		3CC8B66E21A3FCE80064B3E9 /* Release */ = {
			isa = XCBuildConfiguration;
			buildSettings = {
				ALWAYS_SEARCH_USER_PATHS = NO;
				CLANG_ANALYZER_NONNULL = YES;
				CLANG_ANALYZER_NUMBER_OBJECT_CONVERSION = YES_AGGRESSIVE;
				CLANG_CXX_LANGUAGE_STANDARD = "gnu++14";
				CLANG_CXX_LIBRARY = "libc++";
				CLANG_ENABLE_MODULES = YES;
				CLANG_ENABLE_OBJC_ARC = YES;
				CLANG_ENABLE_OBJC_WEAK = YES;
				CLANG_WARN_BLOCK_CAPTURE_AUTORELEASING = YES;
				CLANG_WARN_BOOL_CONVERSION = YES;
				CLANG_WARN_COMMA = YES;
				CLANG_WARN_CONSTANT_CONVERSION = YES;
				CLANG_WARN_DEPRECATED_OBJC_IMPLEMENTATIONS = YES;
				CLANG_WARN_DIRECT_OBJC_ISA_USAGE = YES_ERROR;
				CLANG_WARN_DOCUMENTATION_COMMENTS = YES;
				CLANG_WARN_EMPTY_BODY = YES;
				CLANG_WARN_ENUM_CONVERSION = YES;
				CLANG_WARN_INFINITE_RECURSION = YES;
				CLANG_WARN_INT_CONVERSION = YES;
				CLANG_WARN_NON_LITERAL_NULL_CONVERSION = YES;
				CLANG_WARN_OBJC_IMPLICIT_RETAIN_SELF = YES;
				CLANG_WARN_OBJC_LITERAL_CONVERSION = YES;
				CLANG_WARN_OBJC_ROOT_CLASS = YES_ERROR;
				CLANG_WARN_RANGE_LOOP_ANALYSIS = YES;
				CLANG_WARN_STRICT_PROTOTYPES = YES;
				CLANG_WARN_SUSPICIOUS_MOVE = YES;
				CLANG_WARN_UNGUARDED_AVAILABILITY = YES_AGGRESSIVE;
				CLANG_WARN_UNREACHABLE_CODE = YES;
				CLANG_WARN__DUPLICATE_METHOD_MATCH = YES;
				CODE_SIGN_IDENTITY = "iPhone Developer";
				COPY_PHASE_STRIP = NO;
				DEBUG_INFORMATION_FORMAT = "dwarf-with-dsym";
				ENABLE_NS_ASSERTIONS = NO;
				ENABLE_STRICT_OBJC_MSGSEND = YES;
				GCC_C_LANGUAGE_STANDARD = gnu11;
				GCC_NO_COMMON_BLOCKS = YES;
				GCC_WARN_64_TO_32_BIT_CONVERSION = YES;
				GCC_WARN_ABOUT_RETURN_TYPE = YES_ERROR;
				GCC_WARN_UNDECLARED_SELECTOR = YES;
				GCC_WARN_UNINITIALIZED_AUTOS = YES_AGGRESSIVE;
				GCC_WARN_UNUSED_FUNCTION = YES;
				GCC_WARN_UNUSED_VARIABLE = YES;
				IPHONEOS_DEPLOYMENT_TARGET = 12.1;
				MTL_ENABLE_DEBUG_INFO = NO;
				MTL_FAST_MATH = YES;
				SDKROOT = iphoneos;
				VALIDATE_PRODUCT = YES;
			};
			name = Release;
		};
		3CC8B67021A3FCE80064B3E9 /* Debug */ = {
			isa = XCBuildConfiguration;
			baseConfigurationReference = F1437026BA2F1985D923212F /* Pods-WaterfallFlow.debug.xcconfig */;
			buildSettings = {
				ASSETCATALOG_COMPILER_APPICON_NAME = AppIcon;
				CODE_SIGN_STYLE = Automatic;
				DEVELOPMENT_TEAM = "";
				INFOPLIST_FILE = WaterfallFlow/Info.plist;
				LD_RUNPATH_SEARCH_PATHS = (
					"$(inherited)",
					"@executable_path/Frameworks",
				);
				PRODUCT_BUNDLE_IDENTIFIER = yanshichao.WaterfallFlow;
				PRODUCT_NAME = "$(TARGET_NAME)";
				TARGETED_DEVICE_FAMILY = "1,2";
			};
			name = Debug;
		};
		3CC8B67121A3FCE80064B3E9 /* Release */ = {
			isa = XCBuildConfiguration;
			baseConfigurationReference = 47951C0AB2585C3453966C04 /* Pods-WaterfallFlow.release.xcconfig */;
			buildSettings = {
				ASSETCATALOG_COMPILER_APPICON_NAME = AppIcon;
				CODE_SIGN_STYLE = Automatic;
				DEVELOPMENT_TEAM = "";
				INFOPLIST_FILE = WaterfallFlow/Info.plist;
				LD_RUNPATH_SEARCH_PATHS = (
					"$(inherited)",
					"@executable_path/Frameworks",
				);
				PRODUCT_BUNDLE_IDENTIFIER = yanshichao.WaterfallFlow;
				PRODUCT_NAME = "$(TARGET_NAME)";
				TARGETED_DEVICE_FAMILY = "1,2";
			};
			name = Release;
		};
		3CC8B67321A3FCE80064B3E9 /* Debug */ = {
			isa = XCBuildConfiguration;
			baseConfigurationReference = 9134AC7496BBCCB004241073 /* Pods-WaterfallFlowTests.debug.xcconfig */;
			buildSettings = {
				BUNDLE_LOADER = "$(TEST_HOST)";
				CODE_SIGN_STYLE = Automatic;
				INFOPLIST_FILE = WaterfallFlowTests/Info.plist;
				LD_RUNPATH_SEARCH_PATHS = (
					"$(inherited)",
					"@executable_path/Frameworks",
					"@loader_path/Frameworks",
				);
				PRODUCT_BUNDLE_IDENTIFIER = yanshichao.WaterfallFlowTests;
				PRODUCT_NAME = "$(TARGET_NAME)";
				TARGETED_DEVICE_FAMILY = "1,2";
				TEST_HOST = "$(BUILT_PRODUCTS_DIR)/WaterfallFlow.app/WaterfallFlow";
			};
			name = Debug;
		};
		3CC8B67421A3FCE80064B3E9 /* Release */ = {
			isa = XCBuildConfiguration;
			baseConfigurationReference = 2F9FA8BAC863B9B889C57A21 /* Pods-WaterfallFlowTests.release.xcconfig */;
			buildSettings = {
				BUNDLE_LOADER = "$(TEST_HOST)";
				CODE_SIGN_STYLE = Automatic;
				INFOPLIST_FILE = WaterfallFlowTests/Info.plist;
				LD_RUNPATH_SEARCH_PATHS = (
					"$(inherited)",
					"@executable_path/Frameworks",
					"@loader_path/Frameworks",
				);
				PRODUCT_BUNDLE_IDENTIFIER = yanshichao.WaterfallFlowTests;
				PRODUCT_NAME = "$(TARGET_NAME)";
				TARGETED_DEVICE_FAMILY = "1,2";
				TEST_HOST = "$(BUILT_PRODUCTS_DIR)/WaterfallFlow.app/WaterfallFlow";
			};
			name = Release;
		};
		3CC8B67621A3FCE80064B3E9 /* Debug */ = {
			isa = XCBuildConfiguration;
			baseConfigurationReference = 68407BEDA9336BE87227C173 /* Pods-WaterfallFlowUITests.debug.xcconfig */;
			buildSettings = {
				CODE_SIGN_STYLE = Automatic;
				INFOPLIST_FILE = WaterfallFlowUITests/Info.plist;
				LD_RUNPATH_SEARCH_PATHS = (
					"$(inherited)",
					"@executable_path/Frameworks",
					"@loader_path/Frameworks",
				);
				PRODUCT_BUNDLE_IDENTIFIER = yanshichao.WaterfallFlowUITests;
				PRODUCT_NAME = "$(TARGET_NAME)";
				TARGETED_DEVICE_FAMILY = "1,2";
				TEST_TARGET_NAME = WaterfallFlow;
			};
			name = Debug;
		};
		3CC8B67721A3FCE80064B3E9 /* Release */ = {
			isa = XCBuildConfiguration;
			baseConfigurationReference = DB6A33BA45E41B08F7A757FF /* Pods-WaterfallFlowUITests.release.xcconfig */;
			buildSettings = {
				CODE_SIGN_STYLE = Automatic;
				INFOPLIST_FILE = WaterfallFlowUITests/Info.plist;
				LD_RUNPATH_SEARCH_PATHS = (
					"$(inherited)",
					"@executable_path/Frameworks",
					"@loader_path/Frameworks",
				);
				PRODUCT_BUNDLE_IDENTIFIER = yanshichao.WaterfallFlowUITests;
				PRODUCT_NAME = "$(TARGET_NAME)";
				TARGETED_DEVICE_FAMILY = "1,2";
				TEST_TARGET_NAME = WaterfallFlow;
			};
			name = Release;
		};
/* End XCBuildConfiguration section */

/* Begin XCConfigurationList section */
		3CC8B63E21A3FCE60064B3E9 /* Build configuration list for PBXProject "WaterfallFlow" */ = {
			isa = XCConfigurationList;
			buildConfigurations = (
				3CC8B66D21A3FCE80064B3E9 /* Debug */,
				3CC8B66E21A3FCE80064B3E9 /* Release */,
			);
			defaultConfigurationIsVisible = 0;
			defaultConfigurationName = Release;
		};
		3CC8B66F21A3FCE80064B3E9 /* Build configuration list for PBXNativeTarget "WaterfallFlow" */ = {
			isa = XCConfigurationList;
			buildConfigurations = (
				3CC8B67021A3FCE80064B3E9 /* Debug */,
				3CC8B67121A3FCE80064B3E9 /* Release */,
			);
			defaultConfigurationIsVisible = 0;
			defaultConfigurationName = Release;
		};
		3CC8B67221A3FCE80064B3E9 /* Build configuration list for PBXNativeTarget "WaterfallFlowTests" */ = {
			isa = XCConfigurationList;
			buildConfigurations = (
				3CC8B67321A3FCE80064B3E9 /* Debug */,
				3CC8B67421A3FCE80064B3E9 /* Release */,
			);
			defaultConfigurationIsVisible = 0;
			defaultConfigurationName = Release;
		};
		3CC8B67521A3FCE80064B3E9 /* Build configuration list for PBXNativeTarget "WaterfallFlowUITests" */ = {
			isa = XCConfigurationList;
			buildConfigurations = (
				3CC8B67621A3FCE80064B3E9 /* Debug */,
				3CC8B67721A3FCE80064B3E9 /* Release */,
			);
			defaultConfigurationIsVisible = 0;
			defaultConfigurationName = Release;
		};
/* End XCConfigurationList section */
	};
	rootObject = 3CC8B63B21A3FCE60064B3E9 /* Project object */;
}
